
Microsoft Visual Studio Solution File, Format Version 12.00
# Visual Studio Version 17
VisualStudioVersion = 17.5.002.0
MinimumVisualStudioVersion = 10.0.40219.1
Project("{9A19103F-16F7-4668-BE54-9A1E7A4F7556}") = "DesafioFundamentos", "DesafioFundamentos\DesafioFundamentos.csproj", "{886EFBE0-9B54-4FF6-8354-2FB7E283FF8B}"
EndProject
Global
	GlobalSection(SolutionConfigurationPlatforms) = preSolution
		Debug|Any CPU = Debug|Any CPU
		Release|Any CPU = Release|Any CPU
	EndGlobalSection
	GlobalSection(ProjectConfigurationPlatforms) = postSolution
		{886EFBE0-9B54-4FF6-8354-2FB7E283FF8B}.Debug|Any CPU.ActiveCfg = Debug|Any CPU
		{886EFBE0-9B54-4FF6-8354-2FB7E283FF8B}.Debug|Any CPU.Build.0 = Debug|Any CPU
		{886EFBE0-9B54-4FF6-8354-2FB7E283FF8B}.Release|Any CPU.ActiveCfg = Release|Any CPU
		{886EFBE0-9B54-4FF6-8354-2FB7E283FF8B}.Release|Any CPU.Build.0 = Release|Any CPU
	EndGlobalSection
	GlobalSection(SolutionProperties) = preSolution
		HideSolutionNode = FALSE
	EndGlobalSection
	GlobalSection(ExtensibilityGlobals) = postSolution
		SolutionGuid = {D6A998BB-3BBD-478F-834D-128B1BCA6003}
	EndGlobalSection
EndGlobal
